
Microsoft Visual Studio Solution File, Format Version 12.00
# Visual Studio Version 17
VisualStudioVersion = 17.9.34622.214
MinimumVisualStudioVersion = 10.0.40219.1
Project("{8BC9CEB8-8B4A-11D0-8D11-00A0C91BC942}") = "Comg_1", "Comg_1.vcxproj", "{5426D4F5-8123-43C4-8280-71D6DE320910}"
EndProject
Project("{8BC9CEB8-8B4A-11D0-8D11-00A0C91BC942}") = "Comg_2", "..\Comg_2\Comg_2.vcxproj", "{93255B9E-6A43-4E22-9CA2-109016EFEFA5}"
EndProject
Project("{8BC9CEB8-8B4A-11D0-8D11-00A0C91BC942}") = "Comg_3", "..\Comg_3\Comg_3.vcxproj", "{24DC71E9-0914-4F17-8F1A-6EF5760298CD}"
EndProject
Project("{8BC9CEB8-8B4A-11D0-8D11-00A0C91BC942}") = "Comg_4", "..\Comg_4\Comg_4.vcxproj", "{535FC0A8-71AB-49C4-AFC6-1E35AB24461B}"
EndProject
Project("{8BC9CEB8-8B4A-11D0-8D11-00A0C91BC942}") = "Comg_5", "..\Comg_5\Comg_5.vcxproj", "{299B77EC-92B9-40AA-94BF-D853B913E776}"
EndProject
Project("{8BC9CEB8-8B4A-11D0-8D11-00A0C91BC942}") = "Comg_6", "..\Comg_6\Comg_6.vcxproj", "{794A3EAD-74E8-4EC3-B61A-1606AE437375}"
EndProject
Project("{8BC9CEB8-8B4A-11D0-8D11-00A0C91BC942}") = "Comg_7", "..\Comg_7\Comg_7.vcxproj", "{D4B02FB8-1529-4EFB-98ED-3A1424E3EECE}"
EndProject
Project("{8BC9CEB8-8B4A-11D0-8D11-00A0C91BC942}") = "Comg_8", "..\Comg_8\Comg_8.vcxproj", "{F1FB68EE-AF85-46EB-8B3E-AB22E9CA2C5E}"
EndProject
Project("{8BC9CEB8-8B4A-11D0-8D11-00A0C91BC942}") = "Comg_9", "..\Comg_9\Comg_9.vcxproj", "{1E03DDDC-57DA-46CE-8F58-A309EB5DDA0D}"
EndProject
Project("{8BC9CEB8-8B4A-11D0-8D11-00A0C91BC942}") = "Comg_10", "..\Comg_10\Comg_10.vcxproj", "{50F28514-8C97-43A0-9476-D8CE0674F61C}"
EndProject
Project("{8BC9CEB8-8B4A-11D0-8D11-00A0C91BC942}") = "Comg_11", "..\Comg_11\Comg_11.vcxproj", "{5825F7C4-1467-4F62-AEE9-AE10B122C7EC}"
EndProject
Project("{8BC9CEB8-8B4A-11D0-8D11-00A0C91BC942}") = "Comg_12", "..\Comg_12\Comg_12.vcxproj", "{3E0F6E17-EDCB-4157-A241-E539074425F8}"
EndProject
Project("{8BC9CEB8-8B4A-11D0-8D11-00A0C91BC942}") = "Comg_13", "..\Comg_13\Comg_13.vcxproj", "{485453B3-C078-4A6A-9008-E9C49EF7639D}"
EndProject
Project("{8BC9CEB8-8B4A-11D0-8D11-00A0C91BC942}") = "Comg_14", "..\Comg_14\Comg_14.vcxproj", "{1A22EFD4-B24B-4EC8-9834-5E2AF6782B97}"
EndProject
Project("{8BC9CEB8-8B4A-11D0-8D11-00A0C91BC942}") = "Comg_15", "..\Comg_15\Comg_15.vcxproj", "{ABC4FFE9-CCE8-4621-8291-072A722763B0}"
EndProject
Project("{8BC9CEB8-8B4A-11D0-8D11-00A0C91BC942}") = "Comg_16", "..\Comg_16\Comg_16.vcxproj", "{6D9FFA0E-4027-44B8-BF3C-16B4297C590E}"
EndProject
Project("{8BC9CEB8-8B4A-11D0-8D11-00A0C91BC942}") = "Comg_17", "..\Comg_17\Comg_17.vcxproj", "{3DD7BD5C-552D-42B1-BE08-A3D3DA8C71B8}"
EndProject
Project("{8BC9CEB8-8B4A-11D0-8D11-00A0C91BC942}") = "Comg_18", "..\Comg_18\Comg_18.vcxproj", "{5BD40EC4-8288-42E7-9522-A879D39F2B03}"
EndProject
Project("{8BC9CEB8-8B4A-11D0-8D11-00A0C91BC942}") = "Slice_Polygon", "..\Slice_Polygon\Slice_Polygon.vcxproj", "{76D6C1E5-F5D8-4ABA-8A0F-60869A131FBE}"
EndProject
Project("{8BC9CEB8-8B4A-11D0-8D11-00A0C91BC942}") = "Comg_19", "..\Comg_19\Comg_19.vcxproj", "{A1283A7D-9D1F-4C42-9DD6-8695A09E718C}"
EndProject
Project("{8BC9CEB8-8B4A-11D0-8D11-00A0C91BC942}") = "Comg_20", "..\Comg_20\Comg_20.vcxproj", "{B37D7FE0-A8D6-4DBE-B376-40C7BCA868F1}"
EndProject
Project("{8BC9CEB8-8B4A-11D0-8D11-00A0C91BC942}") = "Comg_21", "..\Comg_21\Comg_21.vcxproj", "{54B9DB51-B7B1-4244-B442-167E7C938CAA}"
EndProject
Project("{8BC9CEB8-8B4A-11D0-8D11-00A0C91BC942}") = "Comg_24", "..\Comg_24\Comg_24.vcxproj", "{0102EC4C-BF95-461E-B8AB-13C8473F01C9}"
EndProject
Project("{8BC9CEB8-8B4A-11D0-8D11-00A0C91BC942}") = "Comg_23", "..\Comg_23\Comg_23.vcxproj", "{AC8B56F5-EF9D-40BB-86D6-1029748CEBFF}"
EndProject
Project("{8BC9CEB8-8B4A-11D0-8D11-00A0C91BC942}") = "Comg_26", "..\Comg_26\Comg_26.vcxproj", "{137B07DC-2FDD-440E-B347-234B2365B4DF}"
EndProject
Project("{8BC9CEB8-8B4A-11D0-8D11-00A0C91BC942}") = "Comg_25", "..\Comg_25\Comg_25.vcxproj", "{A7E2A7C2-DD22-4964-964D-38C8DA364A4A}"
EndProject
Global
	GlobalSection(SolutionConfigurationPlatforms) = preSolution
		Debug|x64 = Debug|x64
		Debug|x86 = Debug|x86
		Release|x64 = Release|x64
		Release|x86 = Release|x86
	EndGlobalSection
	GlobalSection(ProjectConfigurationPlatforms) = postSolution
		{5426D4F5-8123-43C4-8280-71D6DE320910}.Debug|x64.ActiveCfg = Debug|x64
		{5426D4F5-8123-43C4-8280-71D6DE320910}.Debug|x64.Build.0 = Debug|x64
		{5426D4F5-8123-43C4-8280-71D6DE320910}.Debug|x86.ActiveCfg = Debug|Win32
		{5426D4F5-8123-43C4-8280-71D6DE320910}.Debug|x86.Build.0 = Debug|Win32
		{5426D4F5-8123-43C4-8280-71D6DE320910}.Release|x64.ActiveCfg = Release|x64
		{5426D4F5-8123-43C4-8280-71D6DE320910}.Release|x64.Build.0 = Release|x64
		{5426D4F5-8123-43C4-8280-71D6DE320910}.Release|x86.ActiveCfg = Release|Win32
		{5426D4F5-8123-43C4-8280-71D6DE320910}.Release|x86.Build.0 = Release|Win32
		{93255B9E-6A43-4E22-9CA2-109016EFEFA5}.Debug|x64.ActiveCfg = Debug|x64
		{93255B9E-6A43-4E22-9CA2-109016EFEFA5}.Debug|x64.Build.0 = Debug|x64
		{93255B9E-6A43-4E22-9CA2-109016EFEFA5}.Debug|x86.ActiveCfg = Debug|Win32
		{93255B9E-6A43-4E22-9CA2-109016EFEFA5}.Debug|x86.Build.0 = Debug|Win32
		{93255B9E-6A43-4E22-9CA2-109016EFEFA5}.Release|x64.ActiveCfg = Release|x64
		{93255B9E-6A43-4E22-9CA2-109016EFEFA5}.Release|x64.Build.0 = Release|x64
		{93255B9E-6A43-4E22-9CA2-109016EFEFA5}.Release|x86.ActiveCfg = Release|Win32
		{93255B9E-6A43-4E22-9CA2-109016EFEFA5}.Release|x86.Build.0 = Release|Win32
		{24DC71E9-0914-4F17-8F1A-6EF5760298CD}.Debug|x64.ActiveCfg = Debug|x64
		{24DC71E9-0914-4F17-8F1A-6EF5760298CD}.Debug|x64.Build.0 = Debug|x64
		{24DC71E9-0914-4F17-8F1A-6EF5760298CD}.Debug|x86.ActiveCfg = Debug|Win32
		{24DC71E9-0914-4F17-8F1A-6EF5760298CD}.Debug|x86.Build.0 = Debug|Win32
		{24DC71E9-0914-4F17-8F1A-6EF5760298CD}.Release|x64.ActiveCfg = Release|x64
		{24DC71E9-0914-4F17-8F1A-6EF5760298CD}.Release|x64.Build.0 = Release|x64
		{24DC71E9-0914-4F17-8F1A-6EF5760298CD}.Release|x86.ActiveCfg = Release|Win32
		{24DC71E9-0914-4F17-8F1A-6EF5760298CD}.Release|x86.Build.0 = Release|Win32
		{535FC0A8-71AB-49C4-AFC6-1E35AB24461B}.Debug|x64.ActiveCfg = Debug|x64
		{535FC0A8-71AB-49C4-AFC6-1E35AB24461B}.Debug|x64.Build.0 = Debug|x64
		{535FC0A8-71AB-49C4-AFC6-1E35AB24461B}.Debug|x86.ActiveCfg = Debug|Win32
		{535FC0A8-71AB-49C4-AFC6-1E35AB24461B}.Debug|x86.Build.0 = Debug|Win32
		{535FC0A8-71AB-49C4-AFC6-1E35AB24461B}.Release|x64.ActiveCfg = Release|x64
		{535FC0A8-71AB-49C4-AFC6-1E35AB24461B}.Release|x64.Build.0 = Release|x64
		{535FC0A8-71AB-49C4-AFC6-1E35AB24461B}.Release|x86.ActiveCfg = Release|Win32
		{535FC0A8-71AB-49C4-AFC6-1E35AB24461B}.Release|x86.Build.0 = Release|Win32
		{299B77EC-92B9-40AA-94BF-D853B913E776}.Debug|x64.ActiveCfg = Debug|x64
		{299B77EC-92B9-40AA-94BF-D853B913E776}.Debug|x64.Build.0 = Debug|x64
		{299B77EC-92B9-40AA-94BF-D853B913E776}.Debug|x86.ActiveCfg = Debug|Win32
		{299B77EC-92B9-40AA-94BF-D853B913E776}.Debug|x86.Build.0 = Debug|Win32
		{299B77EC-92B9-40AA-94BF-D853B913E776}.Release|x64.ActiveCfg = Release|x64
		{299B77EC-92B9-40AA-94BF-D853B913E776}.Release|x64.Build.0 = Release|x64
		{299B77EC-92B9-40AA-94BF-D853B913E776}.Release|x86.ActiveCfg = Release|Win32
		{299B77EC-92B9-40AA-94BF-D853B913E776}.Release|x86.Build.0 = Release|Win32
		{794A3EAD-74E8-4EC3-B61A-1606AE437375}.Debug|x64.ActiveCfg = Debug|x64
		{794A3EAD-74E8-4EC3-B61A-1606AE437375}.Debug|x64.Build.0 = Debug|x64
		{794A3EAD-74E8-4EC3-B61A-1606AE437375}.Debug|x86.ActiveCfg = Debug|Win32
		{794A3EAD-74E8-4EC3-B61A-1606AE437375}.Debug|x86.Build.0 = Debug|Win32
		{794A3EAD-74E8-4EC3-B61A-1606AE437375}.Release|x64.ActiveCfg = Release|x64
		{794A3EAD-74E8-4EC3-B61A-1606AE437375}.Release|x64.Build.0 = Release|x64
		{794A3EAD-74E8-4EC3-B61A-1606AE437375}.Release|x86.ActiveCfg = Release|Win32
		{794A3EAD-74E8-4EC3-B61A-1606AE437375}.Release|x86.Build.0 = Release|Win32
		{D4B02FB8-1529-4EFB-98ED-3A1424E3EECE}.Debug|x64.ActiveCfg = Debug|x64
		{D4B02FB8-1529-4EFB-98ED-3A1424E3EECE}.Debug|x64.Build.0 = Debug|x64
		{D4B02FB8-1529-4EFB-98ED-3A1424E3EECE}.Debug|x86.ActiveCfg = Debug|Win32
		{D4B02FB8-1529-4EFB-98ED-3A1424E3EECE}.Debug|x86.Build.0 = Debug|Win32
		{D4B02FB8-1529-4EFB-98ED-3A1424E3EECE}.Release|x64.ActiveCfg = Release|x64
		{D4B02FB8-1529-4EFB-98ED-3A1424E3EECE}.Release|x64.Build.0 = Release|x64
		{D4B02FB8-1529-4EFB-98ED-3A1424E3EECE}.Release|x86.ActiveCfg = Release|Win32
		{D4B02FB8-1529-4EFB-98ED-3A1424E3EECE}.Release|x86.Build.0 = Release|Win32
		{F1FB68EE-AF85-46EB-8B3E-AB22E9CA2C5E}.Debug|x64.ActiveCfg = Debug|x64
		{F1FB68EE-AF85-46EB-8B3E-AB22E9CA2C5E}.Debug|x64.Build.0 = Debug|x64
		{F1FB68EE-AF85-46EB-8B3E-AB22E9CA2C5E}.Debug|x86.ActiveCfg = Debug|Win32
		{F1FB68EE-AF85-46EB-8B3E-AB22E9CA2C5E}.Debug|x86.Build.0 = Debug|Win32
		{F1FB68EE-AF85-46EB-8B3E-AB22E9CA2C5E}.Release|x64.ActiveCfg = Release|x64
		{F1FB68EE-AF85-46EB-8B3E-AB22E9CA2C5E}.Release|x64.Build.0 = Release|x64
		{F1FB68EE-AF85-46EB-8B3E-AB22E9CA2C5E}.Release|x86.ActiveCfg = Release|Win32
		{F1FB68EE-AF85-46EB-8B3E-AB22E9CA2C5E}.Release|x86.Build.0 = Release|Win32
		{1E03DDDC-57DA-46CE-8F58-A309EB5DDA0D}.Debug|x64.ActiveCfg = Debug|x64
		{1E03DDDC-57DA-46CE-8F58-A309EB5DDA0D}.Debug|x64.Build.0 = Debug|x64
		{1E03DDDC-57DA-46CE-8F58-A309EB5DDA0D}.Debug|x86.ActiveCfg = Debug|Win32
		{1E03DDDC-57DA-46CE-8F58-A309EB5DDA0D}.Debug|x86.Build.0 = Debug|Win32
		{1E03DDDC-57DA-46CE-8F58-A309EB5DDA0D}.Release|x64.ActiveCfg = Release|x64
		{1E03DDDC-57DA-46CE-8F58-A309EB5DDA0D}.Release|x64.Build.0 = Release|x64
		{1E03DDDC-57DA-46CE-8F58-A309EB5DDA0D}.Release|x86.ActiveCfg = Release|Win32
		{1E03DDDC-57DA-46CE-8F58-A309EB5DDA0D}.Release|x86.Build.0 = Release|Win32
		{50F28514-8C97-43A0-9476-D8CE0674F61C}.Debug|x64.ActiveCfg = Debug|x64
		{50F28514-8C97-43A0-9476-D8CE0674F61C}.Debug|x64.Build.0 = Debug|x64
		{50F28514-8C97-43A0-9476-D8CE0674F61C}.Debug|x86.ActiveCfg = Debug|Win32
		{50F28514-8C97-43A0-9476-D8CE0674F61C}.Debug|x86.Build.0 = Debug|Win32
		{50F28514-8C97-43A0-9476-D8CE0674F61C}.Release|x64.ActiveCfg = Release|x64
		{50F28514-8C97-43A0-9476-D8CE0674F61C}.Release|x64.Build.0 = Release|x64
		{50F28514-8C97-43A0-9476-D8CE0674F61C}.Release|x86.ActiveCfg = Release|Win32
		{50F28514-8C97-43A0-9476-D8CE0674F61C}.Release|x86.Build.0 = Release|Win32
		{5825F7C4-1467-4F62-AEE9-AE10B122C7EC}.Debug|x64.ActiveCfg = Debug|x64
		{5825F7C4-1467-4F62-AEE9-AE10B122C7EC}.Debug|x64.Build.0 = Debug|x64
		{5825F7C4-1467-4F62-AEE9-AE10B122C7EC}.Debug|x86.ActiveCfg = Debug|Win32
		{5825F7C4-1467-4F62-AEE9-AE10B122C7EC}.Debug|x86.Build.0 = Debug|Win32
		{5825F7C4-1467-4F62-AEE9-AE10B122C7EC}.Release|x64.ActiveCfg = Release|x64
		{5825F7C4-1467-4F62-AEE9-AE10B122C7EC}.Release|x64.Build.0 = Release|x64
		{5825F7C4-1467-4F62-AEE9-AE10B122C7EC}.Release|x86.ActiveCfg = Release|Win32
		{5825F7C4-1467-4F62-AEE9-AE10B122C7EC}.Release|x86.Build.0 = Release|Win32
		{3E0F6E17-EDCB-4157-A241-E539074425F8}.Debug|x64.ActiveCfg = Debug|x64
		{3E0F6E17-EDCB-4157-A241-E539074425F8}.Debug|x64.Build.0 = Debug|x64
		{3E0F6E17-EDCB-4157-A241-E539074425F8}.Debug|x86.ActiveCfg = Debug|Win32
		{3E0F6E17-EDCB-4157-A241-E539074425F8}.Debug|x86.Build.0 = Debug|Win32
		{3E0F6E17-EDCB-4157-A241-E539074425F8}.Release|x64.ActiveCfg = Release|x64
		{3E0F6E17-EDCB-4157-A241-E539074425F8}.Release|x64.Build.0 = Release|x64
		{3E0F6E17-EDCB-4157-A241-E539074425F8}.Release|x86.ActiveCfg = Release|Win32
		{3E0F6E17-EDCB-4157-A241-E539074425F8}.Release|x86.Build.0 = Release|Win32
		{485453B3-C078-4A6A-9008-E9C49EF7639D}.Debug|x64.ActiveCfg = Debug|x64
		{485453B3-C078-4A6A-9008-E9C49EF7639D}.Debug|x64.Build.0 = Debug|x64
		{485453B3-C078-4A6A-9008-E9C49EF7639D}.Debug|x86.ActiveCfg = Debug|Win32
		{485453B3-C078-4A6A-9008-E9C49EF7639D}.Debug|x86.Build.0 = Debug|Win32
		{485453B3-C078-4A6A-9008-E9C49EF7639D}.Release|x64.ActiveCfg = Release|x64
		{485453B3-C078-4A6A-9008-E9C49EF7639D}.Release|x64.Build.0 = Release|x64
		{485453B3-C078-4A6A-9008-E9C49EF7639D}.Release|x86.ActiveCfg = Release|Win32
		{485453B3-C078-4A6A-9008-E9C49EF7639D}.Release|x86.Build.0 = Release|Win32
		{1A22EFD4-B24B-4EC8-9834-5E2AF6782B97}.Debug|x64.ActiveCfg = Debug|x64
		{1A22EFD4-B24B-4EC8-9834-5E2AF6782B97}.Debug|x64.Build.0 = Debug|x64
		{1A22EFD4-B24B-4EC8-9834-5E2AF6782B97}.Debug|x86.ActiveCfg = Debug|Win32
		{1A22EFD4-B24B-4EC8-9834-5E2AF6782B97}.Debug|x86.Build.0 = Debug|Win32
		{1A22EFD4-B24B-4EC8-9834-5E2AF6782B97}.Release|x64.ActiveCfg = Release|x64
		{1A22EFD4-B24B-4EC8-9834-5E2AF6782B97}.Release|x64.Build.0 = Release|x64
		{1A22EFD4-B24B-4EC8-9834-5E2AF6782B97}.Release|x86.ActiveCfg = Release|Win32
		{1A22EFD4-B24B-4EC8-9834-5E2AF6782B97}.Release|x86.Build.0 = Release|Win32
		{ABC4FFE9-CCE8-4621-8291-072A722763B0}.Debug|x64.ActiveCfg = Debug|x64
		{ABC4FFE9-CCE8-4621-8291-072A722763B0}.Debug|x64.Build.0 = Debug|x64
		{ABC4FFE9-CCE8-4621-8291-072A722763B0}.Debug|x86.ActiveCfg = Debug|Win32
		{ABC4FFE9-CCE8-4621-8291-072A722763B0}.Debug|x86.Build.0 = Debug|Win32
		{ABC4FFE9-CCE8-4621-8291-072A722763B0}.Release|x64.ActiveCfg = Release|x64
		{ABC4FFE9-CCE8-4621-8291-072A722763B0}.Release|x64.Build.0 = Release|x64
		{ABC4FFE9-CCE8-4621-8291-072A722763B0}.Release|x86.ActiveCfg = Release|Win32
		{ABC4FFE9-CCE8-4621-8291-072A722763B0}.Release|x86.Build.0 = Release|Win32
		{6D9FFA0E-4027-44B8-BF3C-16B4297C590E}.Debug|x64.ActiveCfg = Debug|x64
		{6D9FFA0E-4027-44B8-BF3C-16B4297C590E}.Debug|x64.Build.0 = Debug|x64
		{6D9FFA0E-4027-44B8-BF3C-16B4297C590E}.Debug|x86.ActiveCfg = Debug|Win32
		{6D9FFA0E-4027-44B8-BF3C-16B4297C590E}.Debug|x86.Build.0 = Debug|Win32
		{6D9FFA0E-4027-44B8-BF3C-16B4297C590E}.Release|x64.ActiveCfg = Release|x64
		{6D9FFA0E-4027-44B8-BF3C-16B4297C590E}.Release|x64.Build.0 = Release|x64
		{6D9FFA0E-4027-44B8-BF3C-16B4297C590E}.Release|x86.ActiveCfg = Release|Win32
		{6D9FFA0E-4027-44B8-BF3C-16B4297C590E}.Release|x86.Build.0 = Release|Win32
		{3DD7BD5C-552D-42B1-BE08-A3D3DA8C71B8}.Debug|x64.ActiveCfg = Debug|x64
		{3DD7BD5C-552D-42B1-BE08-A3D3DA8C71B8}.Debug|x64.Build.0 = Debug|x64
		{3DD7BD5C-552D-42B1-BE08-A3D3DA8C71B8}.Debug|x86.ActiveCfg = Debug|Win32
		{3DD7BD5C-552D-42B1-BE08-A3D3DA8C71B8}.Debug|x86.Build.0 = Debug|Win32
		{3DD7BD5C-552D-42B1-BE08-A3D3DA8C71B8}.Release|x64.ActiveCfg = Release|x64
		{3DD7BD5C-552D-42B1-BE08-A3D3DA8C71B8}.Release|x64.Build.0 = Release|x64
		{3DD7BD5C-552D-42B1-BE08-A3D3DA8C71B8}.Release|x86.ActiveCfg = Release|Win32
		{3DD7BD5C-552D-42B1-BE08-A3D3DA8C71B8}.Release|x86.Build.0 = Release|Win32
		{5BD40EC4-8288-42E7-9522-A879D39F2B03}.Debug|x64.ActiveCfg = Debug|x64
		{5BD40EC4-8288-42E7-9522-A879D39F2B03}.Debug|x64.Build.0 = Debug|x64
		{5BD40EC4-8288-42E7-9522-A879D39F2B03}.Debug|x86.ActiveCfg = Debug|Win32
		{5BD40EC4-8288-42E7-9522-A879D39F2B03}.Debug|x86.Build.0 = Debug|Win32
		{5BD40EC4-8288-42E7-9522-A879D39F2B03}.Release|x64.ActiveCfg = Release|x64
		{5BD40EC4-8288-42E7-9522-A879D39F2B03}.Release|x64.Build.0 = Release|x64
		{5BD40EC4-8288-42E7-9522-A879D39F2B03}.Release|x86.ActiveCfg = Release|Win32
		{5BD40EC4-8288-42E7-9522-A879D39F2B03}.Release|x86.Build.0 = Release|Win32
		{76D6C1E5-F5D8-4ABA-8A0F-60869A131FBE}.Debug|x64.ActiveCfg = Debug|x64
		{76D6C1E5-F5D8-4ABA-8A0F-60869A131FBE}.Debug|x64.Build.0 = Debug|x64
		{76D6C1E5-F5D8-4ABA-8A0F-60869A131FBE}.Debug|x86.ActiveCfg = Debug|Win32
		{76D6C1E5-F5D8-4ABA-8A0F-60869A131FBE}.Debug|x86.Build.0 = Debug|Win32
		{76D6C1E5-F5D8-4ABA-8A0F-60869A131FBE}.Release|x64.ActiveCfg = Release|x64
		{76D6C1E5-F5D8-4ABA-8A0F-60869A131FBE}.Release|x64.Build.0 = Release|x64
		{76D6C1E5-F5D8-4ABA-8A0F-60869A131FBE}.Release|x86.ActiveCfg = Release|Win32
		{76D6C1E5-F5D8-4ABA-8A0F-60869A131FBE}.Release|x86.Build.0 = Release|Win32
		{A1283A7D-9D1F-4C42-9DD6-8695A09E718C}.Debug|x64.ActiveCfg = Debug|x64
		{A1283A7D-9D1F-4C42-9DD6-8695A09E718C}.Debug|x64.Build.0 = Debug|x64
		{A1283A7D-9D1F-4C42-9DD6-8695A09E718C}.Debug|x86.ActiveCfg = Debug|Win32
		{A1283A7D-9D1F-4C42-9DD6-8695A09E718C}.Debug|x86.Build.0 = Debug|Win32
		{A1283A7D-9D1F-4C42-9DD6-8695A09E718C}.Release|x64.ActiveCfg = Release|x64
		{A1283A7D-9D1F-4C42-9DD6-8695A09E718C}.Release|x64.Build.0 = Release|x64
		{A1283A7D-9D1F-4C42-9DD6-8695A09E718C}.Release|x86.ActiveCfg = Release|Win32
		{A1283A7D-9D1F-4C42-9DD6-8695A09E718C}.Release|x86.Build.0 = Release|Win32
		{B37D7FE0-A8D6-4DBE-B376-40C7BCA868F1}.Debug|x64.ActiveCfg = Debug|x64
		{B37D7FE0-A8D6-4DBE-B376-40C7BCA868F1}.Debug|x64.Build.0 = Debug|x64
		{B37D7FE0-A8D6-4DBE-B376-40C7BCA868F1}.Debug|x86.ActiveCfg = Debug|Win32
		{B37D7FE0-A8D6-4DBE-B376-40C7BCA868F1}.Debug|x86.Build.0 = Debug|Win32
		{B37D7FE0-A8D6-4DBE-B376-40C7BCA868F1}.Release|x64.ActiveCfg = Release|x64
		{B37D7FE0-A8D6-4DBE-B376-40C7BCA868F1}.Release|x64.Build.0 = Release|x64
		{B37D7FE0-A8D6-4DBE-B376-40C7BCA868F1}.Release|x86.ActiveCfg = Release|Win32
		{B37D7FE0-A8D6-4DBE-B376-40C7BCA868F1}.Release|x86.Build.0 = Release|Win32
		{54B9DB51-B7B1-4244-B442-167E7C938CAA}.Debug|x64.ActiveCfg = Debug|x64
		{54B9DB51-B7B1-4244-B442-167E7C938CAA}.Debug|x64.Build.0 = Debug|x64
		{54B9DB51-B7B1-4244-B442-167E7C938CAA}.Debug|x86.ActiveCfg = Debug|Win32
		{54B9DB51-B7B1-4244-B442-167E7C938CAA}.Debug|x86.Build.0 = Debug|Win32
		{54B9DB51-B7B1-4244-B442-167E7C938CAA}.Release|x64.ActiveCfg = Release|x64
		{54B9DB51-B7B1-4244-B442-167E7C938CAA}.Release|x64.Build.0 = Release|x64
		{54B9DB51-B7B1-4244-B442-167E7C938CAA}.Release|x86.ActiveCfg = Release|Win32
		{54B9DB51-B7B1-4244-B442-167E7C938CAA}.Release|x86.Build.0 = Release|Win32
		{0102EC4C-BF95-461E-B8AB-13C8473F01C9}.Debug|x64.ActiveCfg = Debug|x64
		{0102EC4C-BF95-461E-B8AB-13C8473F01C9}.Debug|x64.Build.0 = Debug|x64
		{0102EC4C-BF95-461E-B8AB-13C8473F01C9}.Debug|x86.ActiveCfg = Debug|Win32
		{0102EC4C-BF95-461E-B8AB-13C8473F01C9}.Debug|x86.Build.0 = Debug|Win32
		{0102EC4C-BF95-461E-B8AB-13C8473F01C9}.Release|x64.ActiveCfg = Release|x64
		{0102EC4C-BF95-461E-B8AB-13C8473F01C9}.Release|x64.Build.0 = Release|x64
		{0102EC4C-BF95-461E-B8AB-13C8473F01C9}.Release|x86.ActiveCfg = Release|Win32
		{0102EC4C-BF95-461E-B8AB-13C8473F01C9}.Release|x86.Build.0 = Release|Win32
		{AC8B56F5-EF9D-40BB-86D6-1029748CEBFF}.Debug|x64.ActiveCfg = Debug|x64
		{AC8B56F5-EF9D-40BB-86D6-1029748CEBFF}.Debug|x64.Build.0 = Debug|x64
		{AC8B56F5-EF9D-40BB-86D6-1029748CEBFF}.Debug|x86.ActiveCfg = Debug|Win32
		{AC8B56F5-EF9D-40BB-86D6-1029748CEBFF}.Debug|x86.Build.0 = Debug|Win32
		{AC8B56F5-EF9D-40BB-86D6-1029748CEBFF}.Release|x64.ActiveCfg = Release|x64
		{AC8B56F5-EF9D-40BB-86D6-1029748CEBFF}.Release|x64.Build.0 = Release|x64
		{AC8B56F5-EF9D-40BB-86D6-1029748CEBFF}.Release|x86.ActiveCfg = Release|Win32
		{AC8B56F5-EF9D-40BB-86D6-1029748CEBFF}.Release|x86.Build.0 = Release|Win32
		{137B07DC-2FDD-440E-B347-234B2365B4DF}.Debug|x64.ActiveCfg = Debug|x64
		{137B07DC-2FDD-440E-B347-234B2365B4DF}.Debug|x64.Build.0 = Debug|x64
		{137B07DC-2FDD-440E-B347-234B2365B4DF}.Debug|x86.ActiveCfg = Debug|Win32
		{137B07DC-2FDD-440E-B347-234B2365B4DF}.Debug|x86.Build.0 = Debug|Win32
		{137B07DC-2FDD-440E-B347-234B2365B4DF}.Release|x64.ActiveCfg = Release|x64
		{137B07DC-2FDD-440E-B347-234B2365B4DF}.Release|x64.Build.0 = Release|x64
		{137B07DC-2FDD-440E-B347-234B2365B4DF}.Release|x86.ActiveCfg = Release|Win32
		{137B07DC-2FDD-440E-B347-234B2365B4DF}.Release|x86.Build.0 = Release|Win32
		{A7E2A7C2-DD22-4964-964D-38C8DA364A4A}.Debug|x64.ActiveCfg = Debug|x64
		{A7E2A7C2-DD22-4964-964D-38C8DA364A4A}.Debug|x64.Build.0 = Debug|x64
		{A7E2A7C2-DD22-4964-964D-38C8DA364A4A}.Debug|x86.ActiveCfg = Debug|Win32
		{A7E2A7C2-DD22-4964-964D-38C8DA364A4A}.Debug|x86.Build.0 = Debug|Win32
		{A7E2A7C2-DD22-4964-964D-38C8DA364A4A}.Release|x64.ActiveCfg = Release|x64
		{A7E2A7C2-DD22-4964-964D-38C8DA364A4A}.Release|x64.Build.0 = Release|x64
		{A7E2A7C2-DD22-4964-964D-38C8DA364A4A}.Release|x86.ActiveCfg = Release|Win32
		{A7E2A7C2-DD22-4964-964D-38C8DA364A4A}.Release|x86.Build.0 = Release|Win32
	EndGlobalSection
	GlobalSection(SolutionProperties) = preSolution
		HideSolutionNode = FALSE
	EndGlobalSection
	GlobalSection(ExtensibilityGlobals) = postSolution
		SolutionGuid = {2EFB6CA9-8384-48AD-9562-AFA2C835D7A3}
	EndGlobalSection
EndGlobal
